
Microsoft Visual Studio Solution File, Format Version 12.00
# Visual Studio Version 17
VisualStudioVersion = 17.9.34902.65
MinimumVisualStudioVersion = 10.0.40219.1
Project("{9A19103F-16F7-4668-BE54-9A1E7A4F7556}") = "DAL", "DAL\DAL.csproj", "{ED677ECC-73B1-4346-95B2-1CD8C78E173A}"
EndProject
Project("{9A19103F-16F7-4668-BE54-9A1E7A4F7556}") = "FitTrackAPI", "FitTrackAPI\FitTrackAPI.csproj", "{9FA01190-4CF0-4BEC-846B-44B51D125781}"
EndProject
Project("{E53339B2-1760-4266-BCC7-CA923CBCF16C}") = "docker-compose", "docker-compose.dcproj", "{CFBA296D-3A4A-49CC-8B2F-D33F49D844EA}"
EndProject
Global
	GlobalSection(SolutionConfigurationPlatforms) = preSolution
		Debug|Any CPU = Debug|Any CPU
		Release|Any CPU = Release|Any CPU
	EndGlobalSection
	GlobalSection(ProjectConfigurationPlatforms) = postSolution
		{ED677ECC-73B1-4346-95B2-1CD8C78E173A}.Debug|Any CPU.ActiveCfg = Debug|Any CPU
		{ED677ECC-73B1-4346-95B2-1CD8C78E173A}.Debug|Any CPU.Build.0 = Debug|Any CPU
		{ED677ECC-73B1-4346-95B2-1CD8C78E173A}.Release|Any CPU.ActiveCfg = Release|Any CPU
		{ED677ECC-73B1-4346-95B2-1CD8C78E173A}.Release|Any CPU.Build.0 = Release|Any CPU
		{9FA01190-4CF0-4BEC-846B-44B51D125781}.Debug|Any CPU.ActiveCfg = Debug|Any CPU
		{9FA01190-4CF0-4BEC-846B-44B51D125781}.Debug|Any CPU.Build.0 = Debug|Any CPU
		{9FA01190-4CF0-4BEC-846B-44B51D125781}.Release|Any CPU.ActiveCfg = Release|Any CPU
		{9FA01190-4CF0-4BEC-846B-44B51D125781}.Release|Any CPU.Build.0 = Release|Any CPU
		{CFBA296D-3A4A-49CC-8B2F-D33F49D844EA}.Debug|Any CPU.ActiveCfg = Debug|Any CPU
		{CFBA296D-3A4A-49CC-8B2F-D33F49D844EA}.Debug|Any CPU.Build.0 = Debug|Any CPU
		{CFBA296D-3A4A-49CC-8B2F-D33F49D844EA}.Release|Any CPU.ActiveCfg = Release|Any CPU
		{CFBA296D-3A4A-49CC-8B2F-D33F49D844EA}.Release|Any CPU.Build.0 = Release|Any CPU
	EndGlobalSection
	GlobalSection(SolutionProperties) = preSolution
		HideSolutionNode = FALSE
	EndGlobalSection
	GlobalSection(ExtensibilityGlobals) = postSolution
		SolutionGuid = {12D60ABB-374A-4CE7-909B-EB01C60DF100}
	EndGlobalSection
EndGlobal
